// !$*UTF8*$!
{
	archiveVersion = 1;
	classes = {
	};
	objectVersion = 56;
	objects = {

/* Begin PBXBuildFile section */
		025A2CCF2B6D2CBF00C5E1B8 /* AppDelegate.swift in Sources */ = {isa = PBXBuildFile; fileRef = 025A2CCE2B6D2CBF00C5E1B8 /* AppDelegate.swift */; };
		025A2CD12B6D2CBF00C5E1B8 /* SceneDelegate.swift in Sources */ = {isa = PBXBuildFile; fileRef = 025A2CD02B6D2CBF00C5E1B8 /* SceneDelegate.swift */; };
		025A2CD32B6D2CBF00C5E1B8 /* ViewController.swift in Sources */ = {isa = PBXBuildFile; fileRef = 025A2CD22B6D2CBF00C5E1B8 /* ViewController.swift */; };
		025A2CE32B6D2FE700C5E1B8 /* SwiftModel.swift in Sources */ = {isa = PBXBuildFile; fileRef = 025A2CE22B6D2FE700C5E1B8 /* SwiftModel.swift */; };
		025A2CE72B6D34A500C5E1B8 /* ObjectiveCModel.m in Sources */ = {isa = PBXBuildFile; fileRef = 025A2CE62B6D34A500C5E1B8 /* ObjectiveCModel.m */; };
		025A2CEF2B6D3B5000C5E1B8 /* CModel.c in Sources */ = {isa = PBXBuildFile; fileRef = 025A2CEE2B6D3B5000C5E1B8 /* CModel.c */; settings = {COMPILER_FLAGS = "-x c++"; }; };
		02B27A932B6FBCA800FDFADE /* CXXModelWrapper.mm in Sources */ = {isa = PBXBuildFile; fileRef = 02B27A922B6FBCA800FDFADE /* CXXModelWrapper.mm */; };
		02B27A992B6FBF3800FDFADE /* CXXModel.cxx in Sources */ = {isa = PBXBuildFile; fileRef = 02B27A972B6FBF3800FDFADE /* CXXModel.cxx */; };
		02B27A9E2B6FC1CC00FDFADE /* CXXAdditionalModel.cpp in Sources */ = {isa = PBXBuildFile; fileRef = 02B27A9C2B6FC1CC00FDFADE /* CXXAdditionalModel.cpp */; };
		02B27AA02B6FCC6200FDFADE /* LanguageCell.swift in Sources */ = {isa = PBXBuildFile; fileRef = 02B27A9F2B6FCC6200FDFADE /* LanguageCell.swift */; };
		02B27AA92B70071000FDFADE /* JSModel.swift in Sources */ = {isa = PBXBuildFile; fileRef = 02B27AA82B70071000FDFADE /* JSModel.swift */; };
		02B27AAB2B700A2300FDFADE /* jsGreeting.js in Sources */ = {isa = PBXBuildFile; fileRef = 02B27AAA2B700A2300FDFADE /* jsGreeting.js */; };
		02B27AB12B70260600FDFADE /* LuaWrapper.m in Sources */ = {isa = PBXBuildFile; fileRef = 02B27AB02B70260600FDFADE /* LuaWrapper.m */; };
		02B27B042B70268500FDFADE /* Makefile in Sources */ = {isa = PBXBuildFile; fileRef = 02B27AB72B70268500FDFADE /* Makefile */; };
		02B27B052B70268500FDFADE /* README in Resources */ = {isa = PBXBuildFile; fileRef = 02B27AB82B70268500FDFADE /* README */; };
		02B27B062B70268500FDFADE /* logo.gif in Resources */ = {isa = PBXBuildFile; fileRef = 02B27ABA2B70268500FDFADE /* logo.gif */; };
		02B27B072B70268500FDFADE /* lua.css in Resources */ = {isa = PBXBuildFile; fileRef = 02B27ABB2B70268500FDFADE /* lua.css */; };
		02B27B082B70268500FDFADE /* contents.html in Resources */ = {isa = PBXBuildFile; fileRef = 02B27ABC2B70268500FDFADE /* contents.html */; };
		02B27B092B70268500FDFADE /* index.css in Resources */ = {isa = PBXBuildFile; fileRef = 02B27ABD2B70268500FDFADE /* index.css */; };
		02B27B0A2B70268500FDFADE /* readme.html in Resources */ = {isa = PBXBuildFile; fileRef = 02B27ABE2B70268500FDFADE /* readme.html */; };
		02B27B0B2B70268500FDFADE /* manual.html in Resources */ = {isa = PBXBuildFile; fileRef = 02B27ABF2B70268500FDFADE /* manual.html */; };
		02B27B0C2B70268500FDFADE /* lua.1 in Resources */ = {isa = PBXBuildFile; fileRef = 02B27AC02B70268500FDFADE /* lua.1 */; };
		02B27B0D2B70268500FDFADE /* manual.css in Resources */ = {isa = PBXBuildFile; fileRef = 02B27AC12B70268500FDFADE /* manual.css */; };
		02B27B0E2B70268500FDFADE /* luac.1 in Resources */ = {isa = PBXBuildFile; fileRef = 02B27AC22B70268500FDFADE /* luac.1 */; };
		02B27B0F2B70268500FDFADE /* osi-certified-72x60.png in Resources */ = {isa = PBXBuildFile; fileRef = 02B27AC32B70268500FDFADE /* osi-certified-72x60.png */; };
		02B27B102B70268500FDFADE /* lauxlib.c in Sources */ = {isa = PBXBuildFile; fileRef = 02B27AC52B70268500FDFADE /* lauxlib.c */; };
		02B27B112B70268500FDFADE /* liolib.c in Sources */ = {isa = PBXBuildFile; fileRef = 02B27ACB2B70268500FDFADE /* liolib.c */; };
		02B27B122B70268500FDFADE /* lopcodes.c in Sources */ = {isa = PBXBuildFile; fileRef = 02B27ACC2B70268500FDFADE /* lopcodes.c */; };
		02B27B132B70268500FDFADE /* lstate.c in Sources */ = {isa = PBXBuildFile; fileRef = 02B27ACD2B70268500FDFADE /* lstate.c */; };
		02B27B142B70268500FDFADE /* lobject.c in Sources */ = {isa = PBXBuildFile; fileRef = 02B27ACF2B70268500FDFADE /* lobject.c */; };
		02B27B152B70268500FDFADE /* lmathlib.c in Sources */ = {isa = PBXBuildFile; fileRef = 02B27AD12B70268500FDFADE /* lmathlib.c */; };
		02B27B162B70268500FDFADE /* loadlib.c in Sources */ = {isa = PBXBuildFile; fileRef = 02B27AD32B70268500FDFADE /* loadlib.c */; };
		02B27B172B70268500FDFADE /* lvm.c in Sources */ = {isa = PBXBuildFile; fileRef = 02B27AD42B70268500FDFADE /* lvm.c */; };
		02B27B182B70268500FDFADE /* lfunc.c in Sources */ = {isa = PBXBuildFile; fileRef = 02B27AD52B70268500FDFADE /* lfunc.c */; };
		02B27B192B70268500FDFADE /* lstrlib.c in Sources */ = {isa = PBXBuildFile; fileRef = 02B27AD62B70268500FDFADE /* lstrlib.c */; };
		02B27B1A2B70268500FDFADE /* Makefile in Sources */ = {isa = PBXBuildFile; fileRef = 02B27AD72B70268500FDFADE /* Makefile */; };
		02B27B1C2B70268500FDFADE /* linit.c in Sources */ = {isa = PBXBuildFile; fileRef = 02B27ADA2B70268500FDFADE /* linit.c */; };
		02B27B1D2B70268500FDFADE /* lstring.c in Sources */ = {isa = PBXBuildFile; fileRef = 02B27ADD2B70268500FDFADE /* lstring.c */; };
		02B27B1E2B70268500FDFADE /* lundump.c in Sources */ = {isa = PBXBuildFile; fileRef = 02B27ADF2B70268500FDFADE /* lundump.c */; };
		02B27B1F2B70268500FDFADE /* lctype.c in Sources */ = {isa = PBXBuildFile; fileRef = 02B27AE02B70268500FDFADE /* lctype.c */; };
		02B27B212B70268500FDFADE /* ltable.c in Sources */ = {isa = PBXBuildFile; fileRef = 02B27AE52B70268500FDFADE /* ltable.c */; };
		02B27B222B70268500FDFADE /* ldump.c in Sources */ = {isa = PBXBuildFile; fileRef = 02B27AE72B70268500FDFADE /* ldump.c */; };
		02B27B242B70268500FDFADE /* lgc.c in Sources */ = {isa = PBXBuildFile; fileRef = 02B27AEC2B70268500FDFADE /* lgc.c */; };
		02B27B252B70268500FDFADE /* lzio.c in Sources */ = {isa = PBXBuildFile; fileRef = 02B27AED2B70268500FDFADE /* lzio.c */; };
		02B27B262B70268500FDFADE /* ldblib.c in Sources */ = {isa = PBXBuildFile; fileRef = 02B27AEE2B70268500FDFADE /* ldblib.c */; };
		02B27B272B70268500FDFADE /* lutf8lib.c in Sources */ = {isa = PBXBuildFile; fileRef = 02B27AEF2B70268500FDFADE /* lutf8lib.c */; };
		02B27B282B70268500FDFADE /* lmem.c in Sources */ = {isa = PBXBuildFile; fileRef = 02B27AF02B70268500FDFADE /* lmem.c */; };
		02B27B292B70268500FDFADE /* lcorolib.c in Sources */ = {isa = PBXBuildFile; fileRef = 02B27AF32B70268500FDFADE /* lcorolib.c */; };
		02B27B2A2B70268500FDFADE /* lcode.c in Sources */ = {isa = PBXBuildFile; fileRef = 02B27AF52B70268500FDFADE /* lcode.c */; };
		02B27B2B2B70268500FDFADE /* ltablib.c in Sources */ = {isa = PBXBuildFile; fileRef = 02B27AF62B70268500FDFADE /* ltablib.c */; };
		02B27B2C2B70268500FDFADE /* lapi.c in Sources */ = {isa = PBXBuildFile; fileRef = 02B27AF72B70268500FDFADE /* lapi.c */; };
		02B27B2D2B70268500FDFADE /* lbaselib.c in Sources */ = {isa = PBXBuildFile; fileRef = 02B27AF82B70268500FDFADE /* lbaselib.c */; };
		02B27B2E2B70268500FDFADE /* ldebug.c in Sources */ = {isa = PBXBuildFile; fileRef = 02B27AFA2B70268500FDFADE /* ldebug.c */; };
		02B27B2F2B70268500FDFADE /* lparser.c in Sources */ = {isa = PBXBuildFile; fileRef = 02B27AFD2B70268500FDFADE /* lparser.c */; };
		02B27B302B70268500FDFADE /* llex.c in Sources */ = {isa = PBXBuildFile; fileRef = 02B27AFE2B70268500FDFADE /* llex.c */; };
		02B27B312B70268500FDFADE /* ltm.c in Sources */ = {isa = PBXBuildFile; fileRef = 02B27B002B70268500FDFADE /* ltm.c */; };
		02B27B322B70268500FDFADE /* ldo.c in Sources */ = {isa = PBXBuildFile; fileRef = 02B27B022B70268500FDFADE /* ldo.c */; };
		02B27B352B70B2A500FDFADE /* getLuaText.lua in Resources */ = {isa = PBXBuildFile; fileRef = 02B27B342B70B2A500FDFADE /* getLuaText.lua */; };
/* End PBXBuildFile section */

/* Begin PBXFileReference section */
		025A2CCB2B6D2CBF00C5E1B8 /* Polyglot.app */ = {isa = PBXFileReference; explicitFileType = wrapper.application; includeInIndex = 0; path = Polyglot.app; sourceTree = BUILT_PRODUCTS_DIR; };
		025A2CCE2B6D2CBF00C5E1B8 /* AppDelegate.swift */ = {isa = PBXFileReference; lastKnownFileType = sourcecode.swift; path = AppDelegate.swift; sourceTree = "<group>"; };
		025A2CD02B6D2CBF00C5E1B8 /* SceneDelegate.swift */ = {isa = PBXFileReference; lastKnownFileType = sourcecode.swift; path = SceneDelegate.swift; sourceTree = "<group>"; };
		025A2CD22B6D2CBF00C5E1B8 /* ViewController.swift */ = {isa = PBXFileReference; lastKnownFileType = sourcecode.swift; path = ViewController.swift; sourceTree = "<group>"; };
		025A2CDC2B6D2CC100C5E1B8 /* Info.plist */ = {isa = PBXFileReference; lastKnownFileType = text.plist.xml; path = Info.plist; sourceTree = "<group>"; };
		025A2CE22B6D2FE700C5E1B8 /* SwiftModel.swift */ = {isa = PBXFileReference; lastKnownFileType = sourcecode.swift; path = SwiftModel.swift; sourceTree = "<group>"; };
		025A2CE62B6D34A500C5E1B8 /* ObjectiveCModel.m */ = {isa = PBXFileReference; lastKnownFileType = sourcecode.c.objc; path = ObjectiveCModel.m; sourceTree = "<group>"; };
		025A2CE82B6D37A900C5E1B8 /* bridge.h */ = {isa = PBXFileReference; lastKnownFileType = sourcecode.c.h; path = bridge.h; sourceTree = "<group>"; };
		025A2CE92B6D385200C5E1B8 /* ObjectiveCModel.h */ = {isa = PBXFileReference; lastKnownFileType = sourcecode.c.h; path = ObjectiveCModel.h; sourceTree = "<group>"; };
		025A2CED2B6D3B4400C5E1B8 /* CModel.h */ = {isa = PBXFileReference; lastKnownFileType = sourcecode.c.h; path = CModel.h; sourceTree = "<group>"; };
		025A2CEE2B6D3B5000C5E1B8 /* CModel.c */ = {isa = PBXFileReference; lastKnownFileType = sourcecode.c.c; path = CModel.c; sourceTree = "<group>"; };
		02B27A922B6FBCA800FDFADE /* CXXModelWrapper.mm */ = {isa = PBXFileReference; lastKnownFileType = sourcecode.cpp.objcpp; path = CXXModelWrapper.mm; sourceTree = "<group>"; };
		02B27A942B6FBCB600FDFADE /* CXXModelWrapper.h */ = {isa = PBXFileReference; lastKnownFileType = sourcecode.c.h; path = CXXModelWrapper.h; sourceTree = "<group>"; };
		02B27A972B6FBF3800FDFADE /* CXXModel.cxx */ = {isa = PBXFileReference; lastKnownFileType = sourcecode.cpp.cpp; path = CXXModel.cxx; sourceTree = "<group>"; };
		02B27A982B6FBF3800FDFADE /* CXXModel.h */ = {isa = PBXFileReference; lastKnownFileType = sourcecode.c.h; path = CXXModel.h; sourceTree = "<group>"; };
		02B27A9C2B6FC1CC00FDFADE /* CXXAdditionalModel.cpp */ = {isa = PBXFileReference; lastKnownFileType = sourcecode.cpp.cpp; path = CXXAdditionalModel.cpp; sourceTree = "<group>"; };
		02B27A9D2B6FC1CC00FDFADE /* CXXAdditionalModel.h */ = {isa = PBXFileReference; lastKnownFileType = sourcecode.c.h; path = CXXAdditionalModel.h; sourceTree = "<group>"; };
		02B27A9F2B6FCC6200FDFADE /* LanguageCell.swift */ = {isa = PBXFileReference; lastKnownFileType = sourcecode.swift; path = LanguageCell.swift; sourceTree = "<group>"; };
		02B27AA82B70071000FDFADE /* JSModel.swift */ = {isa = PBXFileReference; lastKnownFileType = sourcecode.swift; path = JSModel.swift; sourceTree = "<group>"; };
		02B27AAA2B700A2300FDFADE /* jsGreeting.js */ = {isa = PBXFileReference; lastKnownFileType = sourcecode.javascript; path = jsGreeting.js; sourceTree = "<group>"; xcLanguageSpecificationIdentifier = xcode.lang.javascript; };
		02B27AB02B70260600FDFADE /* LuaWrapper.m */ = {isa = PBXFileReference; lastKnownFileType = sourcecode.c.objc; path = LuaWrapper.m; sourceTree = "<group>"; };
		02B27AB22B70261100FDFADE /* LuaWrapper.h */ = {isa = PBXFileReference; lastKnownFileType = sourcecode.c.h; path = LuaWrapper.h; sourceTree = "<group>"; };
		02B27AB72B70268500FDFADE /* Makefile */ = {isa = PBXFileReference; fileEncoding = 4; lastKnownFileType = sourcecode.make; path = Makefile; sourceTree = "<group>"; };
		02B27AB82B70268500FDFADE /* README */ = {isa = PBXFileReference; fileEncoding = 4; lastKnownFileType = text; path = README; sourceTree = "<group>"; };
		02B27ABA2B70268500FDFADE /* logo.gif */ = {isa = PBXFileReference; lastKnownFileType = image.gif; path = logo.gif; sourceTree = "<group>"; };
		02B27ABB2B70268500FDFADE /* lua.css */ = {isa = PBXFileReference; fileEncoding = 4; lastKnownFileType = text.css; path = lua.css; sourceTree = "<group>"; };
		02B27ABC2B70268500FDFADE /* contents.html */ = {isa = PBXFileReference; fileEncoding = 4; lastKnownFileType = text.html; path = contents.html; sourceTree = "<group>"; };
		02B27ABD2B70268500FDFADE /* index.css */ = {isa = PBXFileReference; fileEncoding = 4; lastKnownFileType = text.css; path = index.css; sourceTree = "<group>"; };
		02B27ABE2B70268500FDFADE /* readme.html */ = {isa = PBXFileReference; fileEncoding = 4; lastKnownFileType = text.html; path = readme.html; sourceTree = "<group>"; };
		02B27ABF2B70268500FDFADE /* manual.html */ = {isa = PBXFileReference; fileEncoding = 4; lastKnownFileType = text.html; path = manual.html; sourceTree = "<group>"; };
		02B27AC02B70268500FDFADE /* lua.1 */ = {isa = PBXFileReference; fileEncoding = 4; lastKnownFileType = text.man; path = lua.1; sourceTree = "<group>"; };
		02B27AC12B70268500FDFADE /* manual.css */ = {isa = PBXFileReference; fileEncoding = 4; lastKnownFileType = text.css; path = manual.css; sourceTree = "<group>"; };
		02B27AC22B70268500FDFADE /* luac.1 */ = {isa = PBXFileReference; fileEncoding = 4; lastKnownFileType = text.man; path = luac.1; sourceTree = "<group>"; };
		02B27AC32B70268500FDFADE /* osi-certified-72x60.png */ = {isa = PBXFileReference; lastKnownFileType = image.png; path = "osi-certified-72x60.png"; sourceTree = "<group>"; };
		02B27AC52B70268500FDFADE /* lauxlib.c */ = {isa = PBXFileReference; fileEncoding = 4; lastKnownFileType = sourcecode.c.c; path = lauxlib.c; sourceTree = "<group>"; };
		02B27AC62B70268500FDFADE /* lmem.h */ = {isa = PBXFileReference; fileEncoding = 4; lastKnownFileType = sourcecode.c.h; path = lmem.h; sourceTree = "<group>"; };
		02B27AC72B70268500FDFADE /* llimits.h */ = {isa = PBXFileReference; fileEncoding = 4; lastKnownFileType = sourcecode.c.h; path = llimits.h; sourceTree = "<group>"; };
		02B27AC82B70268500FDFADE /* luaconf.h */ = {isa = PBXFileReference; fileEncoding = 4; lastKnownFileType = sourcecode.c.h; path = luaconf.h; sourceTree = "<group>"; };
		02B27AC92B70268500FDFADE /* lzio.h */ = {isa = PBXFileReference; fileEncoding = 4; lastKnownFileType = sourcecode.c.h; path = lzio.h; sourceTree = "<group>"; };
		02B27ACA2B70268500FDFADE /* lgc.h */ = {isa = PBXFileReference; fileEncoding = 4; lastKnownFileType = sourcecode.c.h; path = lgc.h; sourceTree = "<group>"; };
		02B27ACB2B70268500FDFADE /* liolib.c */ = {isa = PBXFileReference; fileEncoding = 4; lastKnownFileType = sourcecode.c.c; path = liolib.c; sourceTree = "<group>"; };
		02B27ACC2B70268500FDFADE /* lopcodes.c */ = {isa = PBXFileReference; fileEncoding = 4; lastKnownFileType = sourcecode.c.c; path = lopcodes.c; sourceTree = "<group>"; };
		02B27ACD2B70268500FDFADE /* lstate.c */ = {isa = PBXFileReference; fileEncoding = 4; lastKnownFileType = sourcecode.c.c; path = lstate.c; sourceTree = "<group>"; };
		02B27ACE2B70268500FDFADE /* lua.hpp */ = {isa = PBXFileReference; fileEncoding = 4; lastKnownFileType = sourcecode.cpp.h; path = lua.hpp; sourceTree = "<group>"; };
		02B27ACF2B70268500FDFADE /* lobject.c */ = {isa = PBXFileReference; fileEncoding = 4; lastKnownFileType = sourcecode.c.c; path = lobject.c; sourceTree = "<group>"; };
		02B27AD02B70268500FDFADE /* lualib.h */ = {isa = PBXFileReference; fileEncoding = 4; lastKnownFileType = sourcecode.c.h; path = lualib.h; sourceTree = "<group>"; };
		02B27AD12B70268500FDFADE /* lmathlib.c */ = {isa = PBXFileReference; fileEncoding = 4; lastKnownFileType = sourcecode.c.c; path = lmathlib.c; sourceTree = "<group>"; };
		02B27AD22B70268500FDFADE /* lopnames.h */ = {isa = PBXFileReference; fileEncoding = 4; lastKnownFileType = sourcecode.c.h; path = lopnames.h; sourceTree = "<group>"; };
		02B27AD32B70268500FDFADE /* loadlib.c */ = {isa = PBXFileReference; fileEncoding = 4; lastKnownFileType = sourcecode.c.c; path = loadlib.c; sourceTree = "<group>"; };
		02B27AD42B70268500FDFADE /* lvm.c */ = {isa = PBXFileReference; fileEncoding = 4; lastKnownFileType = sourcecode.c.c; path = lvm.c; sourceTree = "<group>"; };
		02B27AD52B70268500FDFADE /* lfunc.c */ = {isa = PBXFileReference; fileEncoding = 4; lastKnownFileType = sourcecode.c.c; path = lfunc.c; sourceTree = "<group>"; };
		02B27AD62B70268500FDFADE /* lstrlib.c */ = {isa = PBXFileReference; fileEncoding = 4; lastKnownFileType = sourcecode.c.c; path = lstrlib.c; sourceTree = "<group>"; };
		02B27AD72B70268500FDFADE /* Makefile */ = {isa = PBXFileReference; fileEncoding = 4; lastKnownFileType = sourcecode.make; path = Makefile; sourceTree = "<group>"; };
		02B27AD82B70268500FDFADE /* lua.c */ = {isa = PBXFileReference; fileEncoding = 4; lastKnownFileType = sourcecode.c.c; path = lua.c; sourceTree = "<group>"; };
		02B27AD92B70268500FDFADE /* ldebug.h */ = {isa = PBXFileReference; fileEncoding = 4; lastKnownFileType = sourcecode.c.h; path = ldebug.h; sourceTree = "<group>"; };
		02B27ADA2B70268500FDFADE /* linit.c */ = {isa = PBXFileReference; fileEncoding = 4; lastKnownFileType = sourcecode.c.c; path = linit.c; sourceTree = "<group>"; };
		02B27ADB2B70268500FDFADE /* lcode.h */ = {isa = PBXFileReference; fileEncoding = 4; lastKnownFileType = sourcecode.c.h; path = lcode.h; sourceTree = "<group>"; };
		02B27ADC2B70268500FDFADE /* lapi.h */ = {isa = PBXFileReference; fileEncoding = 4; lastKnownFileType = sourcecode.c.h; path = lapi.h; sourceTree = "<group>"; };
		02B27ADD2B70268500FDFADE /* lstring.c */ = {isa = PBXFileReference; fileEncoding = 4; lastKnownFileType = sourcecode.c.c; path = lstring.c; sourceTree = "<group>"; };
		02B27ADE2B70268500FDFADE /* ldo.h */ = {isa = PBXFileReference; fileEncoding = 4; lastKnownFileType = sourcecode.c.h; path = ldo.h; sourceTree = "<group>"; };
		02B27ADF2B70268500FDFADE /* lundump.c */ = {isa = PBXFileReference; fileEncoding = 4; lastKnownFileType = sourcecode.c.c; path = lundump.c; sourceTree = "<group>"; };
		02B27AE02B70268500FDFADE /* lctype.c */ = {isa = PBXFileReference; fileEncoding = 4; lastKnownFileType = sourcecode.c.c; path = lctype.c; sourceTree = "<group>"; };
		02B27AE12B70268500FDFADE /* ljumptab.h */ = {isa = PBXFileReference; fileEncoding = 4; lastKnownFileType = sourcecode.c.h; path = ljumptab.h; sourceTree = "<group>"; };
		02B27AE22B70268500FDFADE /* llex.h */ = {isa = PBXFileReference; fileEncoding = 4; lastKnownFileType = sourcecode.c.h; path = llex.h; sourceTree = "<group>"; };
		02B27AE32B70268500FDFADE /* luac.c */ = {isa = PBXFileReference; fileEncoding = 4; lastKnownFileType = sourcecode.c.c; path = luac.c; sourceTree = "<group>"; };
		02B27AE42B70268500FDFADE /* ltm.h */ = {isa = PBXFileReference; fileEncoding = 4; lastKnownFileType = sourcecode.c.h; path = ltm.h; sourceTree = "<group>"; };
		02B27AE52B70268500FDFADE /* ltable.c */ = {isa = PBXFileReference; fileEncoding = 4; lastKnownFileType = sourcecode.c.c; path = ltable.c; sourceTree = "<group>"; };
		02B27AE62B70268500FDFADE /* lparser.h */ = {isa = PBXFileReference; fileEncoding = 4; lastKnownFileType = sourcecode.c.h; path = lparser.h; sourceTree = "<group>"; };
		02B27AE72B70268500FDFADE /* ldump.c */ = {isa = PBXFileReference; fileEncoding = 4; lastKnownFileType = sourcecode.c.c; path = ldump.c; sourceTree = "<group>"; };
		02B27AE82B70268500FDFADE /* lobject.h */ = {isa = PBXFileReference; fileEncoding = 4; lastKnownFileType = sourcecode.c.h; path = lobject.h; sourceTree = "<group>"; };
		02B27AE92B70268500FDFADE /* lstate.h */ = {isa = PBXFileReference; fileEncoding = 4; lastKnownFileType = sourcecode.c.h; path = lstate.h; sourceTree = "<group>"; };
		02B27AEA2B70268500FDFADE /* lopcodes.h */ = {isa = PBXFileReference; fileEncoding = 4; lastKnownFileType = sourcecode.c.h; path = lopcodes.h; sourceTree = "<group>"; };
		02B27AEB2B70268500FDFADE /* loslib.c */ = {isa = PBXFileReference; fileEncoding = 4; lastKnownFileType = sourcecode.c.c; path = loslib.c; sourceTree = "<group>"; };
		02B27AEC2B70268500FDFADE /* lgc.c */ = {isa = PBXFileReference; fileEncoding = 4; lastKnownFileType = sourcecode.c.c; path = lgc.c; sourceTree = "<group>"; };
		02B27AED2B70268500FDFADE /* lzio.c */ = {isa = PBXFileReference; fileEncoding = 4; lastKnownFileType = sourcecode.c.c; path = lzio.c; sourceTree = "<group>"; };
		02B27AEE2B70268500FDFADE /* ldblib.c */ = {isa = PBXFileReference; fileEncoding = 4; lastKnownFileType = sourcecode.c.c; path = ldblib.c; sourceTree = "<group>"; };
		02B27AEF2B70268500FDFADE /* lutf8lib.c */ = {isa = PBXFileReference; fileEncoding = 4; lastKnownFileType = sourcecode.c.c; path = lutf8lib.c; sourceTree = "<group>"; };
		02B27AF02B70268500FDFADE /* lmem.c */ = {isa = PBXFileReference; fileEncoding = 4; lastKnownFileType = sourcecode.c.c; path = lmem.c; sourceTree = "<group>"; };
		02B27AF12B70268500FDFADE /* lauxlib.h */ = {isa = PBXFileReference; fileEncoding = 4; lastKnownFileType = sourcecode.c.h; path = lauxlib.h; sourceTree = "<group>"; };
		02B27AF22B70268500FDFADE /* lvm.h */ = {isa = PBXFileReference; fileEncoding = 4; lastKnownFileType = sourcecode.c.h; path = lvm.h; sourceTree = "<group>"; };
		02B27AF32B70268500FDFADE /* lcorolib.c */ = {isa = PBXFileReference; fileEncoding = 4; lastKnownFileType = sourcecode.c.c; path = lcorolib.c; sourceTree = "<group>"; };
		02B27AF42B70268500FDFADE /* lstring.h */ = {isa = PBXFileReference; fileEncoding = 4; lastKnownFileType = sourcecode.c.h; path = lstring.h; sourceTree = "<group>"; };
		02B27AF52B70268500FDFADE /* lcode.c */ = {isa = PBXFileReference; fileEncoding = 4; lastKnownFileType = sourcecode.c.c; path = lcode.c; sourceTree = "<group>"; };
		02B27AF62B70268500FDFADE /* ltablib.c */ = {isa = PBXFileReference; fileEncoding = 4; lastKnownFileType = sourcecode.c.c; path = ltablib.c; sourceTree = "<group>"; };
		02B27AF72B70268500FDFADE /* lapi.c */ = {isa = PBXFileReference; fileEncoding = 4; lastKnownFileType = sourcecode.c.c; path = lapi.c; sourceTree = "<group>"; };
		02B27AF82B70268500FDFADE /* lbaselib.c */ = {isa = PBXFileReference; fileEncoding = 4; lastKnownFileType = sourcecode.c.c; path = lbaselib.c; sourceTree = "<group>"; };
		02B27AF92B70268500FDFADE /* lua.h */ = {isa = PBXFileReference; fileEncoding = 4; lastKnownFileType = sourcecode.c.h; path = lua.h; sourceTree = "<group>"; };
		02B27AFA2B70268500FDFADE /* ldebug.c */ = {isa = PBXFileReference; fileEncoding = 4; lastKnownFileType = sourcecode.c.c; path = ldebug.c; sourceTree = "<group>"; };
		02B27AFB2B70268500FDFADE /* lfunc.h */ = {isa = PBXFileReference; fileEncoding = 4; lastKnownFileType = sourcecode.c.h; path = lfunc.h; sourceTree = "<group>"; };
		02B27AFC2B70268500FDFADE /* lprefix.h */ = {isa = PBXFileReference; fileEncoding = 4; lastKnownFileType = sourcecode.c.h; path = lprefix.h; sourceTree = "<group>"; };
		02B27AFD2B70268500FDFADE /* lparser.c */ = {isa = PBXFileReference; fileEncoding = 4; lastKnownFileType = sourcecode.c.c; path = lparser.c; sourceTree = "<group>"; };
		02B27AFE2B70268500FDFADE /* llex.c */ = {isa = PBXFileReference; fileEncoding = 4; lastKnownFileType = sourcecode.c.c; path = llex.c; sourceTree = "<group>"; };
		02B27AFF2B70268500FDFADE /* ltable.h */ = {isa = PBXFileReference; fileEncoding = 4; lastKnownFileType = sourcecode.c.h; path = ltable.h; sourceTree = "<group>"; };
		02B27B002B70268500FDFADE /* ltm.c */ = {isa = PBXFileReference; fileEncoding = 4; lastKnownFileType = sourcecode.c.c; path = ltm.c; sourceTree = "<group>"; };
		02B27B012B70268500FDFADE /* lctype.h */ = {isa = PBXFileReference; fileEncoding = 4; lastKnownFileType = sourcecode.c.h; path = lctype.h; sourceTree = "<group>"; };
		02B27B022B70268500FDFADE /* ldo.c */ = {isa = PBXFileReference; fileEncoding = 4; lastKnownFileType = sourcecode.c.c; path = ldo.c; sourceTree = "<group>"; };
		02B27B032B70268500FDFADE /* lundump.h */ = {isa = PBXFileReference; fileEncoding = 4; lastKnownFileType = sourcecode.c.h; path = lundump.h; sourceTree = "<group>"; };
		02B27B342B70B2A500FDFADE /* getLuaText.lua */ = {isa = PBXFileReference; lastKnownFileType = text; name = getLuaText.lua; path = Polyglot/Models/Lua/getLuaText.lua; sourceTree = SOURCE_ROOT; };
/* End PBXFileReference section */

/* Begin PBXFrameworksBuildPhase section */
		025A2CC82B6D2CBF00C5E1B8 /* Frameworks */ = {
			isa = PBXFrameworksBuildPhase;
			buildActionMask = 2147483647;
			files = (
			);
			runOnlyForDeploymentPostprocessing = 0;
		};
/* End PBXFrameworksBuildPhase section */

/* Begin PBXGroup section */
		025A2CC22B6D2CBF00C5E1B8 = {
			isa = PBXGroup;
			children = (
				025A2CCD2B6D2CBF00C5E1B8 /* Polyglot */,
				025A2CCC2B6D2CBF00C5E1B8 /* Products */,
			);
			sourceTree = "<group>";
		};
		025A2CCC2B6D2CBF00C5E1B8 /* Products */ = {
			isa = PBXGroup;
			children = (
				025A2CCB2B6D2CBF00C5E1B8 /* Polyglot.app */,
			);
			name = Products;
			sourceTree = "<group>";
		};
		025A2CCD2B6D2CBF00C5E1B8 /* Polyglot */ = {
			isa = PBXGroup;
			children = (
				025A2CE42B6D323400C5E1B8 /* Supporting Files */,
				025A2CE52B6D32CC00C5E1B8 /* Models */,
				025A2CD22B6D2CBF00C5E1B8 /* ViewController.swift */,
				02B27A9F2B6FCC6200FDFADE /* LanguageCell.swift */,
			);
			path = Polyglot;
			sourceTree = "<group>";
		};
		025A2CE42B6D323400C5E1B8 /* Supporting Files */ = {
			isa = PBXGroup;
			children = (
				025A2CCE2B6D2CBF00C5E1B8 /* AppDelegate.swift */,
				025A2CD02B6D2CBF00C5E1B8 /* SceneDelegate.swift */,
				025A2CDC2B6D2CC100C5E1B8 /* Info.plist */,
				025A2CE82B6D37A900C5E1B8 /* bridge.h */,
			);
			path = "Supporting Files";
			sourceTree = "<group>";
		};
		025A2CE52B6D32CC00C5E1B8 /* Models */ = {
			isa = PBXGroup;
			children = (
				02B27AAC2B70254700FDFADE /* Lua */,
				02B27AA72B7006F400FDFADE /* JS */,
				02B27A8A2B6FB3E700FDFADE /* CXX */,
				025A2CEC2B6D3B3800C5E1B8 /* C */,
				025A2CEA2B6D399700C5E1B8 /* ObjectiveC */,
				025A2CE22B6D2FE700C5E1B8 /* SwiftModel.swift */,
			);
			path = Models;
			sourceTree = "<group>";
		};
		025A2CEA2B6D399700C5E1B8 /* ObjectiveC */ = {
			isa = PBXGroup;
			children = (
				025A2CE92B6D385200C5E1B8 /* ObjectiveCModel.h */,
				025A2CE62B6D34A500C5E1B8 /* ObjectiveCModel.m */,
			);
			path = ObjectiveC;
			sourceTree = "<group>";
		};
		025A2CEC2B6D3B3800C5E1B8 /* C */ = {
			isa = PBXGroup;
			children = (
				025A2CED2B6D3B4400C5E1B8 /* CModel.h */,
				025A2CEE2B6D3B5000C5E1B8 /* CModel.c */,
			);
			path = C;
			sourceTree = "<group>";
		};
		02B27A8A2B6FB3E700FDFADE /* CXX */ = {
			isa = PBXGroup;
			children = (
				02B27A9B2B6FC1B900FDFADE /* Additional */,
				02B27A9A2B6FC1B200FDFADE /* Main */,
			);
			path = CXX;
			sourceTree = "<group>";
		};
		02B27A962B6FBCC600FDFADE /* Wrapper */ = {
			isa = PBXGroup;
			children = (
				02B27A922B6FBCA800FDFADE /* CXXModelWrapper.mm */,
				02B27A942B6FBCB600FDFADE /* CXXModelWrapper.h */,
			);
			path = Wrapper;
			sourceTree = "<group>";
		};
		02B27A9A2B6FC1B200FDFADE /* Main */ = {
			isa = PBXGroup;
			children = (
				02B27A962B6FBCC600FDFADE /* Wrapper */,
				02B27A972B6FBF3800FDFADE /* CXXModel.cxx */,
				02B27A982B6FBF3800FDFADE /* CXXModel.h */,
			);
			path = Main;
			sourceTree = "<group>";
		};
		02B27A9B2B6FC1B900FDFADE /* Additional */ = {
			isa = PBXGroup;
			children = (
				02B27A9C2B6FC1CC00FDFADE /* CXXAdditionalModel.cpp */,
				02B27A9D2B6FC1CC00FDFADE /* CXXAdditionalModel.h */,
			);
			path = Additional;
			sourceTree = "<group>";
		};
		02B27AA72B7006F400FDFADE /* JS */ = {
			isa = PBXGroup;
			children = (
				02B27AA82B70071000FDFADE /* JSModel.swift */,
				02B27AAA2B700A2300FDFADE /* jsGreeting.js */,
			);
			path = JS;
			sourceTree = "<group>";
		};
		02B27AAC2B70254700FDFADE /* Lua */ = {
			isa = PBXGroup;
			children = (
				02B27AB62B70268500FDFADE /* Source */,
				02B27AAF2B7025F200FDFADE /* Wrapper */,
				02B27B342B70B2A500FDFADE /* getLuaText.lua */,
			);
			path = Lua;
			sourceTree = "<group>";
		};
		02B27AAF2B7025F200FDFADE /* Wrapper */ = {
			isa = PBXGroup;
			children = (
				02B27AB02B70260600FDFADE /* LuaWrapper.m */,
				02B27AB22B70261100FDFADE /* LuaWrapper.h */,
			);
			path = Wrapper;
			sourceTree = "<group>";
		};
		02B27AB62B70268500FDFADE /* Source */ = {
			isa = PBXGroup;
			children = (
				02B27AB72B70268500FDFADE /* Makefile */,
				02B27AB82B70268500FDFADE /* README */,
				02B27AB92B70268500FDFADE /* doc */,
				02B27AC42B70268500FDFADE /* src */,
			);
			path = Source;
			sourceTree = "<group>";
		};
		02B27AB92B70268500FDFADE /* doc */ = {
			isa = PBXGroup;
			children = (
				02B27ABA2B70268500FDFADE /* logo.gif */,
				02B27ABB2B70268500FDFADE /* lua.css */,
				02B27ABC2B70268500FDFADE /* contents.html */,
				02B27ABD2B70268500FDFADE /* index.css */,
				02B27ABE2B70268500FDFADE /* readme.html */,
				02B27ABF2B70268500FDFADE /* manual.html */,
				02B27AC02B70268500FDFADE /* lua.1 */,
				02B27AC12B70268500FDFADE /* manual.css */,
				02B27AC22B70268500FDFADE /* luac.1 */,
				02B27AC32B70268500FDFADE /* osi-certified-72x60.png */,
			);
			path = doc;
			sourceTree = "<group>";
		};
		02B27AC42B70268500FDFADE /* src */ = {
			isa = PBXGroup;
			children = (
				02B27AF72B70268500FDFADE /* lapi.c */,
				02B27ADC2B70268500FDFADE /* lapi.h */,
				02B27AC52B70268500FDFADE /* lauxlib.c */,
				02B27AF12B70268500FDFADE /* lauxlib.h */,
				02B27AF82B70268500FDFADE /* lbaselib.c */,
				02B27AF52B70268500FDFADE /* lcode.c */,
				02B27ADB2B70268500FDFADE /* lcode.h */,
				02B27AF32B70268500FDFADE /* lcorolib.c */,
				02B27AE02B70268500FDFADE /* lctype.c */,
				02B27B012B70268500FDFADE /* lctype.h */,
				02B27AEE2B70268500FDFADE /* ldblib.c */,
				02B27AFA2B70268500FDFADE /* ldebug.c */,
				02B27AD92B70268500FDFADE /* ldebug.h */,
				02B27B022B70268500FDFADE /* ldo.c */,
				02B27ADE2B70268500FDFADE /* ldo.h */,
				02B27AE72B70268500FDFADE /* ldump.c */,
				02B27AD52B70268500FDFADE /* lfunc.c */,
				02B27AFB2B70268500FDFADE /* lfunc.h */,
				02B27AEC2B70268500FDFADE /* lgc.c */,
				02B27ACA2B70268500FDFADE /* lgc.h */,
				02B27ADA2B70268500FDFADE /* linit.c */,
				02B27ACB2B70268500FDFADE /* liolib.c */,
				02B27AE12B70268500FDFADE /* ljumptab.h */,
				02B27AFE2B70268500FDFADE /* llex.c */,
				02B27AE22B70268500FDFADE /* llex.h */,
				02B27AC72B70268500FDFADE /* llimits.h */,
				02B27AD12B70268500FDFADE /* lmathlib.c */,
				02B27AF02B70268500FDFADE /* lmem.c */,
				02B27AC62B70268500FDFADE /* lmem.h */,
				02B27AD32B70268500FDFADE /* loadlib.c */,
				02B27ACF2B70268500FDFADE /* lobject.c */,
				02B27AE82B70268500FDFADE /* lobject.h */,
				02B27ACC2B70268500FDFADE /* lopcodes.c */,
				02B27AEA2B70268500FDFADE /* lopcodes.h */,
				02B27AD22B70268500FDFADE /* lopnames.h */,
				02B27AEB2B70268500FDFADE /* loslib.c */,
				02B27AFD2B70268500FDFADE /* lparser.c */,
				02B27AE62B70268500FDFADE /* lparser.h */,
				02B27AFC2B70268500FDFADE /* lprefix.h */,
				02B27ACD2B70268500FDFADE /* lstate.c */,
				02B27AE92B70268500FDFADE /* lstate.h */,
				02B27ADD2B70268500FDFADE /* lstring.c */,
				02B27AF42B70268500FDFADE /* lstring.h */,
				02B27AD62B70268500FDFADE /* lstrlib.c */,
				02B27AE52B70268500FDFADE /* ltable.c */,
				02B27AFF2B70268500FDFADE /* ltable.h */,
				02B27AF62B70268500FDFADE /* ltablib.c */,
				02B27B002B70268500FDFADE /* ltm.c */,
				02B27AE42B70268500FDFADE /* ltm.h */,
				02B27AD82B70268500FDFADE /* lua.c */,
				02B27AF92B70268500FDFADE /* lua.h */,
				02B27ACE2B70268500FDFADE /* lua.hpp */,
				02B27AE32B70268500FDFADE /* luac.c */,
				02B27AC82B70268500FDFADE /* luaconf.h */,
				02B27AD02B70268500FDFADE /* lualib.h */,
				02B27ADF2B70268500FDFADE /* lundump.c */,
				02B27B032B70268500FDFADE /* lundump.h */,
				02B27AEF2B70268500FDFADE /* lutf8lib.c */,
				02B27AD42B70268500FDFADE /* lvm.c */,
				02B27AF22B70268500FDFADE /* lvm.h */,
				02B27AED2B70268500FDFADE /* lzio.c */,
				02B27AC92B70268500FDFADE /* lzio.h */,
				02B27AD72B70268500FDFADE /* Makefile */,
			);
			path = src;
			sourceTree = "<group>";
		};
/* End PBXGroup section */

/* Begin PBXNativeTarget section */
		025A2CCA2B6D2CBF00C5E1B8 /* Polyglot */ = {
			isa = PBXNativeTarget;
			buildConfigurationList = 025A2CDF2B6D2CC100C5E1B8 /* Build configuration list for PBXNativeTarget "Polyglot" */;
			buildPhases = (
				025A2CC72B6D2CBF00C5E1B8 /* Sources */,
				025A2CC82B6D2CBF00C5E1B8 /* Frameworks */,
				025A2CC92B6D2CBF00C5E1B8 /* Resources */,
			);
			buildRules = (
			);
			dependencies = (
			);
			name = Polyglot;
			productName = Polyglot;
			productReference = 025A2CCB2B6D2CBF00C5E1B8 /* Polyglot.app */;
			productType = "com.apple.product-type.application";
		};
/* End PBXNativeTarget section */

/* Begin PBXProject section */
		025A2CC32B6D2CBF00C5E1B8 /* Project object */ = {
			isa = PBXProject;
			attributes = {
				BuildIndependentTargetsInParallel = 1;
				LastSwiftUpdateCheck = 1520;
				LastUpgradeCheck = 1520;
				TargetAttributes = {
					025A2CCA2B6D2CBF00C5E1B8 = {
						CreatedOnToolsVersion = 15.2;
						LastSwiftMigration = 1520;
					};
				};
			};
			buildConfigurationList = 025A2CC62B6D2CBF00C5E1B8 /* Build configuration list for PBXProject "Polyglot" */;
			compatibilityVersion = "Xcode 14.0";
			developmentRegion = en;
			hasScannedForEncodings = 0;
			knownRegions = (
				en,
				Base,
			);
			mainGroup = 025A2CC22B6D2CBF00C5E1B8;
			productRefGroup = 025A2CCC2B6D2CBF00C5E1B8 /* Products */;
			projectDirPath = "";
			projectRoot = "";
			targets = (
				025A2CCA2B6D2CBF00C5E1B8 /* Polyglot */,
			);
		};
/* End PBXProject section */

/* Begin PBXResourcesBuildPhase section */
		025A2CC92B6D2CBF00C5E1B8 /* Resources */ = {
			isa = PBXResourcesBuildPhase;
			buildActionMask = 2147483647;
			files = (
				02B27B0E2B70268500FDFADE /* luac.1 in Resources */,
				02B27B072B70268500FDFADE /* lua.css in Resources */,
				02B27B092B70268500FDFADE /* index.css in Resources */,
				02B27B0F2B70268500FDFADE /* osi-certified-72x60.png in Resources */,
				02B27B052B70268500FDFADE /* README in Resources */,
				02B27B352B70B2A500FDFADE /* getLuaText.lua in Resources */,
				02B27B082B70268500FDFADE /* contents.html in Resources */,
				02B27B0D2B70268500FDFADE /* manual.css in Resources */,
				02B27B0B2B70268500FDFADE /* manual.html in Resources */,
				02B27B0A2B70268500FDFADE /* readme.html in Resources */,
				02B27B0C2B70268500FDFADE /* lua.1 in Resources */,
				02B27B062B70268500FDFADE /* logo.gif in Resources */,
			);
			runOnlyForDeploymentPostprocessing = 0;
		};
/* End PBXResourcesBuildPhase section */

/* Begin PBXSourcesBuildPhase section */
		025A2CC72B6D2CBF00C5E1B8 /* Sources */ = {
			isa = PBXSourcesBuildPhase;
			buildActionMask = 2147483647;
			files = (
				02B27B182B70268500FDFADE /* lfunc.c in Sources */,
				02B27B2B2B70268500FDFADE /* ltablib.c in Sources */,
				02B27B042B70268500FDFADE /* Makefile in Sources */,
				02B27B192B70268500FDFADE /* lstrlib.c in Sources */,
				025A2CD32B6D2CBF00C5E1B8 /* ViewController.swift in Sources */,
				02B27AAB2B700A2300FDFADE /* jsGreeting.js in Sources */,
				02B27B312B70268500FDFADE /* ltm.c in Sources */,
				02B27B222B70268500FDFADE /* ldump.c in Sources */,
				02B27A992B6FBF3800FDFADE /* CXXModel.cxx in Sources */,
				02B27A932B6FBCA800FDFADE /* CXXModelWrapper.mm in Sources */,
				02B27B282B70268500FDFADE /* lmem.c in Sources */,
				02B27B302B70268500FDFADE /* llex.c in Sources */,
				02B27B1D2B70268500FDFADE /* lstring.c in Sources */,
				02B27B162B70268500FDFADE /* loadlib.c in Sources */,
				02B27B152B70268500FDFADE /* lmathlib.c in Sources */,
				02B27B112B70268500FDFADE /* liolib.c in Sources */,
				02B27B1A2B70268500FDFADE /* Makefile in Sources */,
				02B27B322B70268500FDFADE /* ldo.c in Sources */,
				02B27B1E2B70268500FDFADE /* lundump.c in Sources */,
				02B27B272B70268500FDFADE /* lutf8lib.c in Sources */,
				02B27B172B70268500FDFADE /* lvm.c in Sources */,
				02B27AA92B70071000FDFADE /* JSModel.swift in Sources */,
				02B27B2A2B70268500FDFADE /* lcode.c in Sources */,
				02B27B292B70268500FDFADE /* lcorolib.c in Sources */,
				02B27AB12B70260600FDFADE /* LuaWrapper.m in Sources */,
				02B27AA02B6FCC6200FDFADE /* LanguageCell.swift in Sources */,
				02B27B2D2B70268500FDFADE /* lbaselib.c in Sources */,
				02B27B122B70268500FDFADE /* lopcodes.c in Sources */,
				025A2CE72B6D34A500C5E1B8 /* ObjectiveCModel.m in Sources */,
				02B27B212B70268500FDFADE /* ltable.c in Sources */,
				02B27B242B70268500FDFADE /* lgc.c in Sources */,
				025A2CE32B6D2FE700C5E1B8 /* SwiftModel.swift in Sources */,
				02B27B2E2B70268500FDFADE /* ldebug.c in Sources */,
				02B27B142B70268500FDFADE /* lobject.c in Sources */,
				02B27B102B70268500FDFADE /* lauxlib.c in Sources */,
				02B27B262B70268500FDFADE /* ldblib.c in Sources */,
				025A2CCF2B6D2CBF00C5E1B8 /* AppDelegate.swift in Sources */,
				02B27A9E2B6FC1CC00FDFADE /* CXXAdditionalModel.cpp in Sources */,
				02B27B1C2B70268500FDFADE /* linit.c in Sources */,
				02B27B2F2B70268500FDFADE /* lparser.c in Sources */,
				02B27B2C2B70268500FDFADE /* lapi.c in Sources */,
				02B27B1F2B70268500FDFADE /* lctype.c in Sources */,
				02B27B132B70268500FDFADE /* lstate.c in Sources */,
				02B27B252B70268500FDFADE /* lzio.c in Sources */,
				025A2CD12B6D2CBF00C5E1B8 /* SceneDelegate.swift in Sources */,
				025A2CEF2B6D3B5000C5E1B8 /* CModel.c in Sources */,
			);
			runOnlyForDeploymentPostprocessing = 0;
		};
/* End PBXSourcesBuildPhase section */

/* Begin XCBuildConfiguration section */
		025A2CDD2B6D2CC100C5E1B8 /* Debug */ = {
			isa = XCBuildConfiguration;
			buildSettings = {
				ALWAYS_SEARCH_USER_PATHS = NO;
				ASSETCATALOG_COMPILER_GENERATE_SWIFT_ASSET_SYMBOL_EXTENSIONS = YES;
				CLANG_ANALYZER_NONNULL = YES;
				CLANG_ANALYZER_NUMBER_OBJECT_CONVERSION = YES_AGGRESSIVE;
				CLANG_CXX_LANGUAGE_STANDARD = "gnu++20";
				CLANG_ENABLE_MODULES = YES;
				CLANG_ENABLE_OBJC_ARC = YES;
				CLANG_ENABLE_OBJC_WEAK = YES;
				CLANG_WARN_BLOCK_CAPTURE_AUTORELEASING = YES;
				CLANG_WARN_BOOL_CONVERSION = YES;
				CLANG_WARN_COMMA = YES;
				CLANG_WARN_CONSTANT_CONVERSION = YES;
				CLANG_WARN_DEPRECATED_OBJC_IMPLEMENTATIONS = YES;
				CLANG_WARN_DIRECT_OBJC_ISA_USAGE = YES_ERROR;
				CLANG_WARN_DOCUMENTATION_COMMENTS = YES;
				CLANG_WARN_EMPTY_BODY = YES;
				CLANG_WARN_ENUM_CONVERSION = YES;
				CLANG_WARN_INFINITE_RECURSION = YES;
				CLANG_WARN_INT_CONVERSION = YES;
				CLANG_WARN_NON_LITERAL_NULL_CONVERSION = YES;
				CLANG_WARN_OBJC_IMPLICIT_RETAIN_SELF = YES;
				CLANG_WARN_OBJC_LITERAL_CONVERSION = YES;
				CLANG_WARN_OBJC_ROOT_CLASS = YES_ERROR;
				CLANG_WARN_QUOTED_INCLUDE_IN_FRAMEWORK_HEADER = YES;
				CLANG_WARN_RANGE_LOOP_ANALYSIS = YES;
				CLANG_WARN_STRICT_PROTOTYPES = YES;
				CLANG_WARN_SUSPICIOUS_MOVE = YES;
				CLANG_WARN_UNGUARDED_AVAILABILITY = YES_AGGRESSIVE;
				CLANG_WARN_UNREACHABLE_CODE = YES;
				CLANG_WARN__DUPLICATE_METHOD_MATCH = YES;
				COPY_PHASE_STRIP = NO;
				DEBUG_INFORMATION_FORMAT = dwarf;
				ENABLE_STRICT_OBJC_MSGSEND = YES;
				ENABLE_TESTABILITY = YES;
				ENABLE_USER_SCRIPT_SANDBOXING = YES;
				GCC_C_LANGUAGE_STANDARD = gnu17;
				GCC_DYNAMIC_NO_PIC = NO;
				GCC_NO_COMMON_BLOCKS = YES;
				GCC_OPTIMIZATION_LEVEL = 0;
				GCC_PREPROCESSOR_DEFINITIONS = (
					"DEBUG=1",
					"$(inherited)",
				);
				GCC_WARN_64_TO_32_BIT_CONVERSION = YES;
				GCC_WARN_ABOUT_RETURN_TYPE = YES_ERROR;
				GCC_WARN_UNDECLARED_SELECTOR = YES;
				GCC_WARN_UNINITIALIZED_AUTOS = YES_AGGRESSIVE;
				GCC_WARN_UNUSED_FUNCTION = YES;
				GCC_WARN_UNUSED_VARIABLE = YES;
				IPHONEOS_DEPLOYMENT_TARGET = 17.2;
				LOCALIZATION_PREFERS_STRING_CATALOGS = YES;
				MTL_ENABLE_DEBUG_INFO = INCLUDE_SOURCE;
				MTL_FAST_MATH = YES;
				ONLY_ACTIVE_ARCH = YES;
				SDKROOT = iphoneos;
				SWIFT_ACTIVE_COMPILATION_CONDITIONS = "DEBUG $(inherited)";
				SWIFT_OPTIMIZATION_LEVEL = "-Onone";
			};
			name = Debug;
		};
		025A2CDE2B6D2CC100C5E1B8 /* Release */ = {
			isa = XCBuildConfiguration;
			buildSettings = {
				ALWAYS_SEARCH_USER_PATHS = NO;
				ASSETCATALOG_COMPILER_GENERATE_SWIFT_ASSET_SYMBOL_EXTENSIONS = YES;
				CLANG_ANALYZER_NONNULL = YES;
				CLANG_ANALYZER_NUMBER_OBJECT_CONVERSION = YES_AGGRESSIVE;
				CLANG_CXX_LANGUAGE_STANDARD = "gnu++20";
				CLANG_ENABLE_MODULES = YES;
				CLANG_ENABLE_OBJC_ARC = YES;
				CLANG_ENABLE_OBJC_WEAK = YES;
				CLANG_WARN_BLOCK_CAPTURE_AUTORELEASING = YES;
				CLANG_WARN_BOOL_CONVERSION = YES;
				CLANG_WARN_COMMA = YES;
				CLANG_WARN_CONSTANT_CONVERSION = YES;
				CLANG_WARN_DEPRECATED_OBJC_IMPLEMENTATIONS = YES;
				CLANG_WARN_DIRECT_OBJC_ISA_USAGE = YES_ERROR;
				CLANG_WARN_DOCUMENTATION_COMMENTS = YES;
				CLANG_WARN_EMPTY_BODY = YES;
				CLANG_WARN_ENUM_CONVERSION = YES;
				CLANG_WARN_INFINITE_RECURSION = YES;
				CLANG_WARN_INT_CONVERSION = YES;
				CLANG_WARN_NON_LITERAL_NULL_CONVERSION = YES;
				CLANG_WARN_OBJC_IMPLICIT_RETAIN_SELF = YES;
				CLANG_WARN_OBJC_LITERAL_CONVERSION = YES;
				CLANG_WARN_OBJC_ROOT_CLASS = YES_ERROR;
				CLANG_WARN_QUOTED_INCLUDE_IN_FRAMEWORK_HEADER = YES;
				CLANG_WARN_RANGE_LOOP_ANALYSIS = YES;
				CLANG_WARN_STRICT_PROTOTYPES = YES;
				CLANG_WARN_SUSPICIOUS_MOVE = YES;
				CLANG_WARN_UNGUARDED_AVAILABILITY = YES_AGGRESSIVE;
				CLANG_WARN_UNREACHABLE_CODE = YES;
				CLANG_WARN__DUPLICATE_METHOD_MATCH = YES;
				COPY_PHASE_STRIP = NO;
				DEBUG_INFORMATION_FORMAT = "dwarf-with-dsym";
				ENABLE_NS_ASSERTIONS = NO;
				ENABLE_STRICT_OBJC_MSGSEND = YES;
				ENABLE_USER_SCRIPT_SANDBOXING = YES;
				GCC_C_LANGUAGE_STANDARD = gnu17;
				GCC_NO_COMMON_BLOCKS = YES;
				GCC_WARN_64_TO_32_BIT_CONVERSION = YES;
				GCC_WARN_ABOUT_RETURN_TYPE = YES_ERROR;
				GCC_WARN_UNDECLARED_SELECTOR = YES;
				GCC_WARN_UNINITIALIZED_AUTOS = YES_AGGRESSIVE;
				GCC_WARN_UNUSED_FUNCTION = YES;
				GCC_WARN_UNUSED_VARIABLE = YES;
				IPHONEOS_DEPLOYMENT_TARGET = 17.2;
				LOCALIZATION_PREFERS_STRING_CATALOGS = YES;
				MTL_ENABLE_DEBUG_INFO = NO;
				MTL_FAST_MATH = YES;
				SDKROOT = iphoneos;
				SWIFT_COMPILATION_MODE = wholemodule;
				VALIDATE_PRODUCT = YES;
			};
			name = Release;
		};
		025A2CE02B6D2CC100C5E1B8 /* Debug */ = {
			isa = XCBuildConfiguration;
			buildSettings = {
				ASSETCATALOG_COMPILER_APPICON_NAME = AppIcon;
				ASSETCATALOG_COMPILER_GLOBAL_ACCENT_COLOR_NAME = AccentColor;
				CLANG_ENABLE_MODULES = YES;
				CODE_SIGN_STYLE = Automatic;
				CURRENT_PROJECT_VERSION = 1;
				GENERATE_INFOPLIST_FILE = YES;
				INFOPLIST_FILE = "Polyglot/Supporting Files/Info.plist";
				INFOPLIST_KEY_UIApplicationSupportsIndirectInputEvents = YES;
				INFOPLIST_KEY_UILaunchScreen_Generation = YES;
				INFOPLIST_KEY_UISupportedInterfaceOrientations = "UIInterfaceOrientationLandscapeLeft UIInterfaceOrientationLandscapeRight UIInterfaceOrientationPortrait";
				INFOPLIST_KEY_UISupportedInterfaceOrientations_iPad = "UIInterfaceOrientationLandscapeLeft UIInterfaceOrientationLandscapeRight UIInterfaceOrientationPortrait UIInterfaceOrientationPortraitUpsideDown";
				LD_RUNPATH_SEARCH_PATHS = (
					"$(inherited)",
					"@executable_path/Frameworks",
				);
				MARKETING_VERSION = 1.0;
				PRODUCT_BUNDLE_IDENTIFIER = com.yourcompany.Polyglot;
				PRODUCT_NAME = "$(TARGET_NAME)";
				SUPPORTED_PLATFORMS = "iphoneos iphonesimulator";
				SUPPORTS_MACCATALYST = NO;
				SUPPORTS_MAC_DESIGNED_FOR_IPHONE_IPAD = NO;
				SUPPORTS_XR_DESIGNED_FOR_IPHONE_IPAD = NO;
				SWIFT_EMIT_LOC_STRINGS = YES;
				SWIFT_OBJC_BRIDGING_HEADER = "Polyglot/Supporting Files/bridge.h";
				SWIFT_OBJC_INTEROP_MODE = objcxx;
				SWIFT_OPTIMIZATION_LEVEL = "-Onone";
				SWIFT_VERSION = 5.0;
				TARGETED_DEVICE_FAMILY = 1;
			};
			name = Debug;
		};
		025A2CE12B6D2CC100C5E1B8 /* Release */ = {
			isa = XCBuildConfiguration;
			buildSettings = {
				ASSETCATALOG_COMPILER_APPICON_NAME = AppIcon;
				ASSETCATALOG_COMPILER_GLOBAL_ACCENT_COLOR_NAME = AccentColor;
				CLANG_ENABLE_MODULES = YES;
				CODE_SIGN_STYLE = Automatic;
				CURRENT_PROJECT_VERSION = 1;
				GENERATE_INFOPLIST_FILE = YES;
				INFOPLIST_FILE = "Polyglot/Supporting Files/Info.plist";
				INFOPLIST_KEY_UIApplicationSupportsIndirectInputEvents = YES;
				INFOPLIST_KEY_UILaunchScreen_Generation = YES;
				INFOPLIST_KEY_UISupportedInterfaceOrientations = "UIInterfaceOrientationLandscapeLeft UIInterfaceOrientationLandscapeRight UIInterfaceOrientationPortrait";
				INFOPLIST_KEY_UISupportedInterfaceOrientations_iPad = "UIInterfaceOrientationLandscapeLeft UIInterfaceOrientationLandscapeRight UIInterfaceOrientationPortrait UIInterfaceOrientationPortraitUpsideDown";
				LD_RUNPATH_SEARCH_PATHS = (
					"$(inherited)",
					"@executable_path/Frameworks",
				);
				MARKETING_VERSION = 1.0;
				PRODUCT_BUNDLE_IDENTIFIER = com.yourcompany.Polyglot;
				PRODUCT_NAME = "$(TARGET_NAME)";
				SUPPORTED_PLATFORMS = "iphoneos iphonesimulator";
				SUPPORTS_MACCATALYST = NO;
				SUPPORTS_MAC_DESIGNED_FOR_IPHONE_IPAD = NO;
				SUPPORTS_XR_DESIGNED_FOR_IPHONE_IPAD = NO;
				SWIFT_EMIT_LOC_STRINGS = YES;
				SWIFT_OBJC_BRIDGING_HEADER = "Polyglot/Supporting Files/bridge.h";
				SWIFT_OBJC_INTEROP_MODE = objcxx;
				SWIFT_VERSION = 5.0;
				TARGETED_DEVICE_FAMILY = 1;
			};
			name = Release;
		};
/* End XCBuildConfiguration section */

/* Begin XCConfigurationList section */
		025A2CC62B6D2CBF00C5E1B8 /* Build configuration list for PBXProject "Polyglot" */ = {
			isa = XCConfigurationList;
			buildConfigurations = (
				025A2CDD2B6D2CC100C5E1B8 /* Debug */,
				025A2CDE2B6D2CC100C5E1B8 /* Release */,
			);
			defaultConfigurationIsVisible = 0;
			defaultConfigurationName = Release;
		};
		025A2CDF2B6D2CC100C5E1B8 /* Build configuration list for PBXNativeTarget "Polyglot" */ = {
			isa = XCConfigurationList;
			buildConfigurations = (
				025A2CE02B6D2CC100C5E1B8 /* Debug */,
				025A2CE12B6D2CC100C5E1B8 /* Release */,
			);
			defaultConfigurationIsVisible = 0;
			defaultConfigurationName = Release;
		};
/* End XCConfigurationList section */
	};
	rootObject = 025A2CC32B6D2CBF00C5E1B8 /* Project object */;
}
