// !$*UTF8*$!
{
	archiveVersion = 1;
	classes = {
	};
	objectVersion = 56;
	objects = {

/* Begin PBXBuildFile section */
		025A2CCF2B6D2CBF00C5E1B8 /* AppDelegate.swift in Sources */ = {isa = PBXBuildFile; fileRef = 025A2CCE2B6D2CBF00C5E1B8 /* AppDelegate.swift */; };
		025A2CD12B6D2CBF00C5E1B8 /* SceneDelegate.swift in Sources */ = {isa = PBXBuildFile; fileRef = 025A2CD02B6D2CBF00C5E1B8 /* SceneDelegate.swift */; };
		025A2CD32B6D2CBF00C5E1B8 /* ViewController.swift in Sources */ = {isa = PBXBuildFile; fileRef = 025A2CD22B6D2CBF00C5E1B8 /* ViewController.swift */; };
		025A2CE32B6D2FE700C5E1B8 /* SwiftModel.swift in Sources */ = {isa = PBXBuildFile; fileRef = 025A2CE22B6D2FE700C5E1B8 /* SwiftModel.swift */; };
		025A2CE72B6D34A500C5E1B8 /* ObjectiveCModel.m in Sources */ = {isa = PBXBuildFile; fileRef = 025A2CE62B6D34A500C5E1B8 /* ObjectiveCModel.m */; };
		025A2CEF2B6D3B5000C5E1B8 /* CModel.c in Sources */ = {isa = PBXBuildFile; fileRef = 025A2CEE2B6D3B5000C5E1B8 /* CModel.c */; settings = {COMPILER_FLAGS = "-x c++"; }; };
		02B27A932B6FBCA800FDFADE /* CXXModelWrapper.mm in Sources */ = {isa = PBXBuildFile; fileRef = 02B27A922B6FBCA800FDFADE /* CXXModelWrapper.mm */; };
		02B27A992B6FBF3800FDFADE /* CXXModel.cxx in Sources */ = {isa = PBXBuildFile; fileRef = 02B27A972B6FBF3800FDFADE /* CXXModel.cxx */; };
		02B27A9E2B6FC1CC00FDFADE /* CXXAdditionalModel.cpp in Sources */ = {isa = PBXBuildFile; fileRef = 02B27A9C2B6FC1CC00FDFADE /* CXXAdditionalModel.cpp */; };
		02B27AA02B6FCC6200FDFADE /* LanguageCell.swift in Sources */ = {isa = PBXBuildFile; fileRef = 02B27A9F2B6FCC6200FDFADE /* LanguageCell.swift */; };
		02B27AA92B70071000FDFADE /* JSModel.swift in Sources */ = {isa = PBXBuildFile; fileRef = 02B27AA82B70071000FDFADE /* JSModel.swift */; };
		02B27AAB2B700A2300FDFADE /* jsGreeting.js in Sources */ = {isa = PBXBuildFile; fileRef = 02B27AAA2B700A2300FDFADE /* jsGreeting.js */; };
/* End PBXBuildFile section */

/* Begin PBXFileReference section */
		025A2CCB2B6D2CBF00C5E1B8 /* Polyglot.app */ = {isa = PBXFileReference; explicitFileType = wrapper.application; includeInIndex = 0; path = Polyglot.app; sourceTree = BUILT_PRODUCTS_DIR; };
		025A2CCE2B6D2CBF00C5E1B8 /* AppDelegate.swift */ = {isa = PBXFileReference; lastKnownFileType = sourcecode.swift; path = AppDelegate.swift; sourceTree = "<group>"; };
		025A2CD02B6D2CBF00C5E1B8 /* SceneDelegate.swift */ = {isa = PBXFileReference; lastKnownFileType = sourcecode.swift; path = SceneDelegate.swift; sourceTree = "<group>"; };
		025A2CD22B6D2CBF00C5E1B8 /* ViewController.swift */ = {isa = PBXFileReference; lastKnownFileType = sourcecode.swift; path = ViewController.swift; sourceTree = "<group>"; };
		025A2CDC2B6D2CC100C5E1B8 /* Info.plist */ = {isa = PBXFileReference; lastKnownFileType = text.plist.xml; path = Info.plist; sourceTree = "<group>"; };
		025A2CE22B6D2FE700C5E1B8 /* SwiftModel.swift */ = {isa = PBXFileReference; lastKnownFileType = sourcecode.swift; path = SwiftModel.swift; sourceTree = "<group>"; };
		025A2CE62B6D34A500C5E1B8 /* ObjectiveCModel.m */ = {isa = PBXFileReference; lastKnownFileType = sourcecode.c.objc; path = ObjectiveCModel.m; sourceTree = "<group>"; };
		025A2CE82B6D37A900C5E1B8 /* bridge.h */ = {isa = PBXFileReference; lastKnownFileType = sourcecode.c.h; path = bridge.h; sourceTree = "<group>"; };
		025A2CE92B6D385200C5E1B8 /* ObjectiveCModel.h */ = {isa = PBXFileReference; lastKnownFileType = sourcecode.c.h; path = ObjectiveCModel.h; sourceTree = "<group>"; };
		025A2CED2B6D3B4400C5E1B8 /* CModel.h */ = {isa = PBXFileReference; lastKnownFileType = sourcecode.c.h; path = CModel.h; sourceTree = "<group>"; };
		025A2CEE2B6D3B5000C5E1B8 /* CModel.c */ = {isa = PBXFileReference; lastKnownFileType = sourcecode.c.c; path = CModel.c; sourceTree = "<group>"; };
		02B27A922B6FBCA800FDFADE /* CXXModelWrapper.mm */ = {isa = PBXFileReference; lastKnownFileType = sourcecode.cpp.objcpp; path = CXXModelWrapper.mm; sourceTree = "<group>"; };
		02B27A942B6FBCB600FDFADE /* CXXModelWrapper.h */ = {isa = PBXFileReference; lastKnownFileType = sourcecode.c.h; path = CXXModelWrapper.h; sourceTree = "<group>"; };
		02B27A972B6FBF3800FDFADE /* CXXModel.cxx */ = {isa = PBXFileReference; lastKnownFileType = sourcecode.cpp.cpp; path = CXXModel.cxx; sourceTree = "<group>"; };
		02B27A982B6FBF3800FDFADE /* CXXModel.h */ = {isa = PBXFileReference; lastKnownFileType = sourcecode.c.h; path = CXXModel.h; sourceTree = "<group>"; };
		02B27A9C2B6FC1CC00FDFADE /* CXXAdditionalModel.cpp */ = {isa = PBXFileReference; lastKnownFileType = sourcecode.cpp.cpp; path = CXXAdditionalModel.cpp; sourceTree = "<group>"; };
		02B27A9D2B6FC1CC00FDFADE /* CXXAdditionalModel.h */ = {isa = PBXFileReference; lastKnownFileType = sourcecode.c.h; path = CXXAdditionalModel.h; sourceTree = "<group>"; };
		02B27A9F2B6FCC6200FDFADE /* LanguageCell.swift */ = {isa = PBXFileReference; lastKnownFileType = sourcecode.swift; path = LanguageCell.swift; sourceTree = "<group>"; };
		02B27AA82B70071000FDFADE /* JSModel.swift */ = {isa = PBXFileReference; lastKnownFileType = sourcecode.swift; path = JSModel.swift; sourceTree = "<group>"; };
		02B27AAA2B700A2300FDFADE /* jsGreeting.js */ = {isa = PBXFileReference; lastKnownFileType = sourcecode.javascript; path = jsGreeting.js; sourceTree = "<group>"; xcLanguageSpecificationIdentifier = xcode.lang.javascript; };
/* End PBXFileReference section */

/* Begin PBXFrameworksBuildPhase section */
		025A2CC82B6D2CBF00C5E1B8 /* Frameworks */ = {
			isa = PBXFrameworksBuildPhase;
			buildActionMask = 2147483647;
			files = (
			);
			runOnlyForDeploymentPostprocessing = 0;
		};
/* End PBXFrameworksBuildPhase section */

/* Begin PBXGroup section */
		025A2CC22B6D2CBF00C5E1B8 = {
			isa = PBXGroup;
			children = (
				025A2CCD2B6D2CBF00C5E1B8 /* Polyglot */,
				025A2CCC2B6D2CBF00C5E1B8 /* Products */,
			);
			sourceTree = "<group>";
		};
		025A2CCC2B6D2CBF00C5E1B8 /* Products */ = {
			isa = PBXGroup;
			children = (
				025A2CCB2B6D2CBF00C5E1B8 /* Polyglot.app */,
			);
			name = Products;
			sourceTree = "<group>";
		};
		025A2CCD2B6D2CBF00C5E1B8 /* Polyglot */ = {
			isa = PBXGroup;
			children = (
				025A2CE42B6D323400C5E1B8 /* Supporting Files */,
				025A2CE52B6D32CC00C5E1B8 /* Models */,
				025A2CD22B6D2CBF00C5E1B8 /* ViewController.swift */,
				02B27A9F2B6FCC6200FDFADE /* LanguageCell.swift */,
			);
			path = Polyglot;
			sourceTree = "<group>";
		};
		025A2CE42B6D323400C5E1B8 /* Supporting Files */ = {
			isa = PBXGroup;
			children = (
				025A2CCE2B6D2CBF00C5E1B8 /* AppDelegate.swift */,
				025A2CD02B6D2CBF00C5E1B8 /* SceneDelegate.swift */,
				025A2CDC2B6D2CC100C5E1B8 /* Info.plist */,
				025A2CE82B6D37A900C5E1B8 /* bridge.h */,
			);
			path = "Supporting Files";
			sourceTree = "<group>";
		};
		025A2CE52B6D32CC00C5E1B8 /* Models */ = {
			isa = PBXGroup;
			children = (
				02B27AA72B7006F400FDFADE /* JS */,
				02B27A8A2B6FB3E700FDFADE /* CXX */,
				025A2CEC2B6D3B3800C5E1B8 /* C */,
				025A2CEA2B6D399700C5E1B8 /* ObjectiveC */,
				025A2CE22B6D2FE700C5E1B8 /* SwiftModel.swift */,
			);
			path = Models;
			sourceTree = "<group>";
		};
		025A2CEA2B6D399700C5E1B8 /* ObjectiveC */ = {
			isa = PBXGroup;
			children = (
				025A2CE92B6D385200C5E1B8 /* ObjectiveCModel.h */,
				025A2CE62B6D34A500C5E1B8 /* ObjectiveCModel.m */,
			);
			path = ObjectiveC;
			sourceTree = "<group>";
		};
		025A2CEC2B6D3B3800C5E1B8 /* C */ = {
			isa = PBXGroup;
			children = (
				025A2CED2B6D3B4400C5E1B8 /* CModel.h */,
				025A2CEE2B6D3B5000C5E1B8 /* CModel.c */,
			);
			path = C;
			sourceTree = "<group>";
		};
		02B27A8A2B6FB3E700FDFADE /* CXX */ = {
			isa = PBXGroup;
			children = (
				02B27A9B2B6FC1B900FDFADE /* Additional */,
				02B27A9A2B6FC1B200FDFADE /* Main */,
			);
			path = CXX;
			sourceTree = "<group>";
		};
		02B27A962B6FBCC600FDFADE /* Wrapper */ = {
			isa = PBXGroup;
			children = (
				02B27A922B6FBCA800FDFADE /* CXXModelWrapper.mm */,
				02B27A942B6FBCB600FDFADE /* CXXModelWrapper.h */,
			);
			path = Wrapper;
			sourceTree = "<group>";
		};
		02B27A9A2B6FC1B200FDFADE /* Main */ = {
			isa = PBXGroup;
			children = (
				02B27A962B6FBCC600FDFADE /* Wrapper */,
				02B27A972B6FBF3800FDFADE /* CXXModel.cxx */,
				02B27A982B6FBF3800FDFADE /* CXXModel.h */,
			);
			path = Main;
			sourceTree = "<group>";
		};
		02B27A9B2B6FC1B900FDFADE /* Additional */ = {
			isa = PBXGroup;
			children = (
				02B27A9C2B6FC1CC00FDFADE /* CXXAdditionalModel.cpp */,
				02B27A9D2B6FC1CC00FDFADE /* CXXAdditionalModel.h */,
			);
			path = Additional;
			sourceTree = "<group>";
		};
		02B27AA72B7006F400FDFADE /* JS */ = {
			isa = PBXGroup;
			children = (
				02B27AA82B70071000FDFADE /* JSModel.swift */,
				02B27AAA2B700A2300FDFADE /* jsGreeting.js */,
			);
			path = JS;
			sourceTree = "<group>";
		};
/* End PBXGroup section */

/* Begin PBXNativeTarget section */
		025A2CCA2B6D2CBF00C5E1B8 /* Polyglot */ = {
			isa = PBXNativeTarget;
			buildConfigurationList = 025A2CDF2B6D2CC100C5E1B8 /* Build configuration list for PBXNativeTarget "Polyglot" */;
			buildPhases = (
				025A2CC72B6D2CBF00C5E1B8 /* Sources */,
				025A2CC82B6D2CBF00C5E1B8 /* Frameworks */,
				025A2CC92B6D2CBF00C5E1B8 /* Resources */,
			);
			buildRules = (
			);
			dependencies = (
			);
			name = Polyglot;
			productName = Polyglot;
			productReference = 025A2CCB2B6D2CBF00C5E1B8 /* Polyglot.app */;
			productType = "com.apple.product-type.application";
		};
/* End PBXNativeTarget section */

/* Begin PBXProject section */
		025A2CC32B6D2CBF00C5E1B8 /* Project object */ = {
			isa = PBXProject;
			attributes = {
				BuildIndependentTargetsInParallel = 1;
				LastSwiftUpdateCheck = 1520;
				LastUpgradeCheck = 1520;
				TargetAttributes = {
					025A2CCA2B6D2CBF00C5E1B8 = {
						CreatedOnToolsVersion = 15.2;
						LastSwiftMigration = 1520;
					};
				};
			};
			buildConfigurationList = 025A2CC62B6D2CBF00C5E1B8 /* Build configuration list for PBXProject "Polyglot" */;
			compatibilityVersion = "Xcode 14.0";
			developmentRegion = en;
			hasScannedForEncodings = 0;
			knownRegions = (
				en,
				Base,
			);
			mainGroup = 025A2CC22B6D2CBF00C5E1B8;
			productRefGroup = 025A2CCC2B6D2CBF00C5E1B8 /* Products */;
			projectDirPath = "";
			projectRoot = "";
			targets = (
				025A2CCA2B6D2CBF00C5E1B8 /* Polyglot */,
			);
		};
/* End PBXProject section */

/* Begin PBXResourcesBuildPhase section */
		025A2CC92B6D2CBF00C5E1B8 /* Resources */ = {
			isa = PBXResourcesBuildPhase;
			buildActionMask = 2147483647;
			files = (
			);
			runOnlyForDeploymentPostprocessing = 0;
		};
/* End PBXResourcesBuildPhase section */

/* Begin PBXSourcesBuildPhase section */
		025A2CC72B6D2CBF00C5E1B8 /* Sources */ = {
			isa = PBXSourcesBuildPhase;
			buildActionMask = 2147483647;
			files = (
				025A2CD32B6D2CBF00C5E1B8 /* ViewController.swift in Sources */,
				02B27AAB2B700A2300FDFADE /* jsGreeting.js in Sources */,
				02B27A992B6FBF3800FDFADE /* CXXModel.cxx in Sources */,
				02B27A932B6FBCA800FDFADE /* CXXModelWrapper.mm in Sources */,
				02B27AA92B70071000FDFADE /* JSModel.swift in Sources */,
				02B27AA02B6FCC6200FDFADE /* LanguageCell.swift in Sources */,
				025A2CE72B6D34A500C5E1B8 /* ObjectiveCModel.m in Sources */,
				025A2CE32B6D2FE700C5E1B8 /* SwiftModel.swift in Sources */,
				025A2CCF2B6D2CBF00C5E1B8 /* AppDelegate.swift in Sources */,
				02B27A9E2B6FC1CC00FDFADE /* CXXAdditionalModel.cpp in Sources */,
				025A2CD12B6D2CBF00C5E1B8 /* SceneDelegate.swift in Sources */,
				025A2CEF2B6D3B5000C5E1B8 /* CModel.c in Sources */,
			);
			runOnlyForDeploymentPostprocessing = 0;
		};
/* End PBXSourcesBuildPhase section */

/* Begin XCBuildConfiguration section */
		025A2CDD2B6D2CC100C5E1B8 /* Debug */ = {
			isa = XCBuildConfiguration;
			buildSettings = {
				ALWAYS_SEARCH_USER_PATHS = NO;
				ASSETCATALOG_COMPILER_GENERATE_SWIFT_ASSET_SYMBOL_EXTENSIONS = YES;
				CLANG_ANALYZER_NONNULL = YES;
				CLANG_ANALYZER_NUMBER_OBJECT_CONVERSION = YES_AGGRESSIVE;
				CLANG_CXX_LANGUAGE_STANDARD = "gnu++20";
				CLANG_ENABLE_MODULES = YES;
				CLANG_ENABLE_OBJC_ARC = YES;
				CLANG_ENABLE_OBJC_WEAK = YES;
				CLANG_WARN_BLOCK_CAPTURE_AUTORELEASING = YES;
				CLANG_WARN_BOOL_CONVERSION = YES;
				CLANG_WARN_COMMA = YES;
				CLANG_WARN_CONSTANT_CONVERSION = YES;
				CLANG_WARN_DEPRECATED_OBJC_IMPLEMENTATIONS = YES;
				CLANG_WARN_DIRECT_OBJC_ISA_USAGE = YES_ERROR;
				CLANG_WARN_DOCUMENTATION_COMMENTS = YES;
				CLANG_WARN_EMPTY_BODY = YES;
				CLANG_WARN_ENUM_CONVERSION = YES;
				CLANG_WARN_INFINITE_RECURSION = YES;
				CLANG_WARN_INT_CONVERSION = YES;
				CLANG_WARN_NON_LITERAL_NULL_CONVERSION = YES;
				CLANG_WARN_OBJC_IMPLICIT_RETAIN_SELF = YES;
				CLANG_WARN_OBJC_LITERAL_CONVERSION = YES;
				CLANG_WARN_OBJC_ROOT_CLASS = YES_ERROR;
				CLANG_WARN_QUOTED_INCLUDE_IN_FRAMEWORK_HEADER = YES;
				CLANG_WARN_RANGE_LOOP_ANALYSIS = YES;
				CLANG_WARN_STRICT_PROTOTYPES = YES;
				CLANG_WARN_SUSPICIOUS_MOVE = YES;
				CLANG_WARN_UNGUARDED_AVAILABILITY = YES_AGGRESSIVE;
				CLANG_WARN_UNREACHABLE_CODE = YES;
				CLANG_WARN__DUPLICATE_METHOD_MATCH = YES;
				COPY_PHASE_STRIP = NO;
				DEBUG_INFORMATION_FORMAT = dwarf;
				ENABLE_STRICT_OBJC_MSGSEND = YES;
				ENABLE_TESTABILITY = YES;
				ENABLE_USER_SCRIPT_SANDBOXING = YES;
				GCC_C_LANGUAGE_STANDARD = gnu17;
				GCC_DYNAMIC_NO_PIC = NO;
				GCC_NO_COMMON_BLOCKS = YES;
				GCC_OPTIMIZATION_LEVEL = 0;
				GCC_PREPROCESSOR_DEFINITIONS = (
					"DEBUG=1",
					"$(inherited)",
				);
				GCC_WARN_64_TO_32_BIT_CONVERSION = YES;
				GCC_WARN_ABOUT_RETURN_TYPE = YES_ERROR;
				GCC_WARN_UNDECLARED_SELECTOR = YES;
				GCC_WARN_UNINITIALIZED_AUTOS = YES_AGGRESSIVE;
				GCC_WARN_UNUSED_FUNCTION = YES;
				GCC_WARN_UNUSED_VARIABLE = YES;
				IPHONEOS_DEPLOYMENT_TARGET = 17.2;
				LOCALIZATION_PREFERS_STRING_CATALOGS = YES;
				MTL_ENABLE_DEBUG_INFO = INCLUDE_SOURCE;
				MTL_FAST_MATH = YES;
				ONLY_ACTIVE_ARCH = YES;
				SDKROOT = iphoneos;
				SWIFT_ACTIVE_COMPILATION_CONDITIONS = "DEBUG $(inherited)";
				SWIFT_OPTIMIZATION_LEVEL = "-Onone";
			};
			name = Debug;
		};
		025A2CDE2B6D2CC100C5E1B8 /* Release */ = {
			isa = XCBuildConfiguration;
			buildSettings = {
				ALWAYS_SEARCH_USER_PATHS = NO;
				ASSETCATALOG_COMPILER_GENERATE_SWIFT_ASSET_SYMBOL_EXTENSIONS = YES;
				CLANG_ANALYZER_NONNULL = YES;
				CLANG_ANALYZER_NUMBER_OBJECT_CONVERSION = YES_AGGRESSIVE;
				CLANG_CXX_LANGUAGE_STANDARD = "gnu++20";
				CLANG_ENABLE_MODULES = YES;
				CLANG_ENABLE_OBJC_ARC = YES;
				CLANG_ENABLE_OBJC_WEAK = YES;
				CLANG_WARN_BLOCK_CAPTURE_AUTORELEASING = YES;
				CLANG_WARN_BOOL_CONVERSION = YES;
				CLANG_WARN_COMMA = YES;
				CLANG_WARN_CONSTANT_CONVERSION = YES;
				CLANG_WARN_DEPRECATED_OBJC_IMPLEMENTATIONS = YES;
				CLANG_WARN_DIRECT_OBJC_ISA_USAGE = YES_ERROR;
				CLANG_WARN_DOCUMENTATION_COMMENTS = YES;
				CLANG_WARN_EMPTY_BODY = YES;
				CLANG_WARN_ENUM_CONVERSION = YES;
				CLANG_WARN_INFINITE_RECURSION = YES;
				CLANG_WARN_INT_CONVERSION = YES;
				CLANG_WARN_NON_LITERAL_NULL_CONVERSION = YES;
				CLANG_WARN_OBJC_IMPLICIT_RETAIN_SELF = YES;
				CLANG_WARN_OBJC_LITERAL_CONVERSION = YES;
				CLANG_WARN_OBJC_ROOT_CLASS = YES_ERROR;
				CLANG_WARN_QUOTED_INCLUDE_IN_FRAMEWORK_HEADER = YES;
				CLANG_WARN_RANGE_LOOP_ANALYSIS = YES;
				CLANG_WARN_STRICT_PROTOTYPES = YES;
				CLANG_WARN_SUSPICIOUS_MOVE = YES;
				CLANG_WARN_UNGUARDED_AVAILABILITY = YES_AGGRESSIVE;
				CLANG_WARN_UNREACHABLE_CODE = YES;
				CLANG_WARN__DUPLICATE_METHOD_MATCH = YES;
				COPY_PHASE_STRIP = NO;
				DEBUG_INFORMATION_FORMAT = "dwarf-with-dsym";
				ENABLE_NS_ASSERTIONS = NO;
				ENABLE_STRICT_OBJC_MSGSEND = YES;
				ENABLE_USER_SCRIPT_SANDBOXING = YES;
				GCC_C_LANGUAGE_STANDARD = gnu17;
				GCC_NO_COMMON_BLOCKS = YES;
				GCC_WARN_64_TO_32_BIT_CONVERSION = YES;
				GCC_WARN_ABOUT_RETURN_TYPE = YES_ERROR;
				GCC_WARN_UNDECLARED_SELECTOR = YES;
				GCC_WARN_UNINITIALIZED_AUTOS = YES_AGGRESSIVE;
				GCC_WARN_UNUSED_FUNCTION = YES;
				GCC_WARN_UNUSED_VARIABLE = YES;
				IPHONEOS_DEPLOYMENT_TARGET = 17.2;
				LOCALIZATION_PREFERS_STRING_CATALOGS = YES;
				MTL_ENABLE_DEBUG_INFO = NO;
				MTL_FAST_MATH = YES;
				SDKROOT = iphoneos;
				SWIFT_COMPILATION_MODE = wholemodule;
				VALIDATE_PRODUCT = YES;
			};
			name = Release;
		};
		025A2CE02B6D2CC100C5E1B8 /* Debug */ = {
			isa = XCBuildConfiguration;
			buildSettings = {
				ASSETCATALOG_COMPILER_APPICON_NAME = AppIcon;
				ASSETCATALOG_COMPILER_GLOBAL_ACCENT_COLOR_NAME = AccentColor;
				CLANG_ENABLE_MODULES = YES;
				CODE_SIGN_STYLE = Automatic;
				CURRENT_PROJECT_VERSION = 1;
				GENERATE_INFOPLIST_FILE = YES;
				INFOPLIST_FILE = "Polyglot/Supporting Files/Info.plist";
				INFOPLIST_KEY_UIApplicationSupportsIndirectInputEvents = YES;
				INFOPLIST_KEY_UILaunchScreen_Generation = YES;
				INFOPLIST_KEY_UISupportedInterfaceOrientations = "UIInterfaceOrientationLandscapeLeft UIInterfaceOrientationLandscapeRight UIInterfaceOrientationPortrait";
				INFOPLIST_KEY_UISupportedInterfaceOrientations_iPad = "UIInterfaceOrientationLandscapeLeft UIInterfaceOrientationLandscapeRight UIInterfaceOrientationPortrait UIInterfaceOrientationPortraitUpsideDown";
				LD_RUNPATH_SEARCH_PATHS = (
					"$(inherited)",
					"@executable_path/Frameworks",
				);
				MARKETING_VERSION = 1.0;
				PRODUCT_BUNDLE_IDENTIFIER = com.yourcompany.Polyglot;
				PRODUCT_NAME = "$(TARGET_NAME)";
				SUPPORTED_PLATFORMS = "iphoneos iphonesimulator";
				SUPPORTS_MACCATALYST = NO;
				SUPPORTS_MAC_DESIGNED_FOR_IPHONE_IPAD = NO;
				SUPPORTS_XR_DESIGNED_FOR_IPHONE_IPAD = NO;
				SWIFT_EMIT_LOC_STRINGS = YES;
				SWIFT_OBJC_BRIDGING_HEADER = "Polyglot/Supporting Files/bridge.h";
				SWIFT_OBJC_INTEROP_MODE = objcxx;
				SWIFT_OPTIMIZATION_LEVEL = "-Onone";
				SWIFT_VERSION = 5.0;
				TARGETED_DEVICE_FAMILY = 1;
			};
			name = Debug;
		};
		025A2CE12B6D2CC100C5E1B8 /* Release */ = {
			isa = XCBuildConfiguration;
			buildSettings = {
				ASSETCATALOG_COMPILER_APPICON_NAME = AppIcon;
				ASSETCATALOG_COMPILER_GLOBAL_ACCENT_COLOR_NAME = AccentColor;
				CLANG_ENABLE_MODULES = YES;
				CODE_SIGN_STYLE = Automatic;
				CURRENT_PROJECT_VERSION = 1;
				GENERATE_INFOPLIST_FILE = YES;
				INFOPLIST_FILE = "Polyglot/Supporting Files/Info.plist";
				INFOPLIST_KEY_UIApplicationSupportsIndirectInputEvents = YES;
				INFOPLIST_KEY_UILaunchScreen_Generation = YES;
				INFOPLIST_KEY_UISupportedInterfaceOrientations = "UIInterfaceOrientationLandscapeLeft UIInterfaceOrientationLandscapeRight UIInterfaceOrientationPortrait";
				INFOPLIST_KEY_UISupportedInterfaceOrientations_iPad = "UIInterfaceOrientationLandscapeLeft UIInterfaceOrientationLandscapeRight UIInterfaceOrientationPortrait UIInterfaceOrientationPortraitUpsideDown";
				LD_RUNPATH_SEARCH_PATHS = (
					"$(inherited)",
					"@executable_path/Frameworks",
				);
				MARKETING_VERSION = 1.0;
				PRODUCT_BUNDLE_IDENTIFIER = com.yourcompany.Polyglot;
				PRODUCT_NAME = "$(TARGET_NAME)";
				SUPPORTED_PLATFORMS = "iphoneos iphonesimulator";
				SUPPORTS_MACCATALYST = NO;
				SUPPORTS_MAC_DESIGNED_FOR_IPHONE_IPAD = NO;
				SUPPORTS_XR_DESIGNED_FOR_IPHONE_IPAD = NO;
				SWIFT_EMIT_LOC_STRINGS = YES;
				SWIFT_OBJC_BRIDGING_HEADER = "Polyglot/Supporting Files/bridge.h";
				SWIFT_OBJC_INTEROP_MODE = objcxx;
				SWIFT_VERSION = 5.0;
				TARGETED_DEVICE_FAMILY = 1;
			};
			name = Release;
		};
/* End XCBuildConfiguration section */

/* Begin XCConfigurationList section */
		025A2CC62B6D2CBF00C5E1B8 /* Build configuration list for PBXProject "Polyglot" */ = {
			isa = XCConfigurationList;
			buildConfigurations = (
				025A2CDD2B6D2CC100C5E1B8 /* Debug */,
				025A2CDE2B6D2CC100C5E1B8 /* Release */,
			);
			defaultConfigurationIsVisible = 0;
			defaultConfigurationName = Release;
		};
		025A2CDF2B6D2CC100C5E1B8 /* Build configuration list for PBXNativeTarget "Polyglot" */ = {
			isa = XCConfigurationList;
			buildConfigurations = (
				025A2CE02B6D2CC100C5E1B8 /* Debug */,
				025A2CE12B6D2CC100C5E1B8 /* Release */,
			);
			defaultConfigurationIsVisible = 0;
			defaultConfigurationName = Release;
		};
/* End XCConfigurationList section */
	};
	rootObject = 025A2CC32B6D2CBF00C5E1B8 /* Project object */;
}
